
Microsoft Visual Studio Solution File, Format Version 12.00
# Visual Studio Version 16
VisualStudioVersion = 16.0.30309.148
MinimumVisualStudioVersion = 10.0.40219.1
Project("{9A19103F-16F7-4668-BE54-9A1E7A4F7556}") = "WhiteboardPractice", "WhiteboardPractice\WhiteboardPractice.csproj", "{CA88195F-115A-442D-8064-446D782FB9EF}"
EndProject
Project("{9A19103F-16F7-4668-BE54-9A1E7A4F7556}") = "CheckEvenNumbers", "CheckEvenNumbers\CheckEvenNumbers.csproj", "{8A6303A2-305E-4093-8722-EBE70BB9B0CB}"
EndProject
Project("{9A19103F-16F7-4668-BE54-9A1E7A4F7556}") = "ConvertKmToMi", "ConvertKmToMi\ConvertKmToMi.csproj", "{E2FE517A-CACF-48C6-80E7-429844462B1E}"
EndProject
Project("{9A19103F-16F7-4668-BE54-9A1E7A4F7556}") = "SortString", "SortString\SortString.csproj", "{2A5A961F-20A4-43ED-8F36-F75A88EC4DB9}"
EndProject
Project("{FAE04EC0-301F-11D3-BF4B-00C04F79EFBC}") = "TwoNums", "TwoNums\TwoNums.csproj", "{603050E5-E2F0-4138-99DC-E221A96DCA6B}"
EndProject
Global
	GlobalSection(SolutionConfigurationPlatforms) = preSolution
		Debug|Any CPU = Debug|Any CPU
		Release|Any CPU = Release|Any CPU
	EndGlobalSection
	GlobalSection(ProjectConfigurationPlatforms) = postSolution
		{CA88195F-115A-442D-8064-446D782FB9EF}.Debug|Any CPU.ActiveCfg = Debug|Any CPU
		{CA88195F-115A-442D-8064-446D782FB9EF}.Debug|Any CPU.Build.0 = Debug|Any CPU
		{CA88195F-115A-442D-8064-446D782FB9EF}.Release|Any CPU.ActiveCfg = Release|Any CPU
		{CA88195F-115A-442D-8064-446D782FB9EF}.Release|Any CPU.Build.0 = Release|Any CPU
		{8A6303A2-305E-4093-8722-EBE70BB9B0CB}.Debug|Any CPU.ActiveCfg = Debug|Any CPU
		{8A6303A2-305E-4093-8722-EBE70BB9B0CB}.Debug|Any CPU.Build.0 = Debug|Any CPU
		{8A6303A2-305E-4093-8722-EBE70BB9B0CB}.Release|Any CPU.ActiveCfg = Release|Any CPU
		{8A6303A2-305E-4093-8722-EBE70BB9B0CB}.Release|Any CPU.Build.0 = Release|Any CPU
		{E2FE517A-CACF-48C6-80E7-429844462B1E}.Debug|Any CPU.ActiveCfg = Debug|Any CPU
		{E2FE517A-CACF-48C6-80E7-429844462B1E}.Debug|Any CPU.Build.0 = Debug|Any CPU
		{E2FE517A-CACF-48C6-80E7-429844462B1E}.Release|Any CPU.ActiveCfg = Release|Any CPU
		{E2FE517A-CACF-48C6-80E7-429844462B1E}.Release|Any CPU.Build.0 = Release|Any CPU
		{2A5A961F-20A4-43ED-8F36-F75A88EC4DB9}.Debug|Any CPU.ActiveCfg = Debug|Any CPU
		{2A5A961F-20A4-43ED-8F36-F75A88EC4DB9}.Debug|Any CPU.Build.0 = Debug|Any CPU
		{2A5A961F-20A4-43ED-8F36-F75A88EC4DB9}.Release|Any CPU.ActiveCfg = Release|Any CPU
		{2A5A961F-20A4-43ED-8F36-F75A88EC4DB9}.Release|Any CPU.Build.0 = Release|Any CPU
		{603050E5-E2F0-4138-99DC-E221A96DCA6B}.Debug|Any CPU.ActiveCfg = Debug|Any CPU
		{603050E5-E2F0-4138-99DC-E221A96DCA6B}.Debug|Any CPU.Build.0 = Debug|Any CPU
		{603050E5-E2F0-4138-99DC-E221A96DCA6B}.Release|Any CPU.ActiveCfg = Release|Any CPU
		{603050E5-E2F0-4138-99DC-E221A96DCA6B}.Release|Any CPU.Build.0 = Release|Any CPU
	EndGlobalSection
	GlobalSection(SolutionProperties) = preSolution
		HideSolutionNode = FALSE
	EndGlobalSection
	GlobalSection(ExtensibilityGlobals) = postSolution
		SolutionGuid = {5CA74723-D7B8-4E29-9A92-DF3A6F3D904B}
	EndGlobalSection
EndGlobal
