
Microsoft Visual Studio Solution File, Format Version 12.00
# Visual Studio Version 16
VisualStudioVersion = 16.0.30309.148
MinimumVisualStudioVersion = 10.0.40219.1
Project("{9A19103F-16F7-4668-BE54-9A1E7A4F7556}") = "WhiteboardPractice", "WhiteboardPractice\WhiteboardPractice.csproj", "{CA88195F-115A-442D-8064-446D782FB9EF}"
EndProject
Project("{9A19103F-16F7-4668-BE54-9A1E7A4F7556}") = "CheckEvenNumbers", "CheckEvenNumbers\CheckEvenNumbers.csproj", "{8A6303A2-305E-4093-8722-EBE70BB9B0CB}"
EndProject
Project("{9A19103F-16F7-4668-BE54-9A1E7A4F7556}") = "ConvertKmToMi", "ConvertKmToMi\ConvertKmToMi.csproj", "{E2FE517A-CACF-48C6-80E7-429844462B1E}"
EndProject
Project("{9A19103F-16F7-4668-BE54-9A1E7A4F7556}") = "SortString", "SortString\SortString.csproj", "{2A5A961F-20A4-43ED-8F36-F75A88EC4DB9}"
EndProject
Project("{FAE04EC0-301F-11D3-BF4B-00C04F79EFBC}") = "TwoNums", "TwoNums\TwoNums.csproj", "{603050E5-E2F0-4138-99DC-E221A96DCA6B}"
EndProject
Project("{9A19103F-16F7-4668-BE54-9A1E7A4F7556}") = "ReverseInteger", "ReverseInteger\ReverseInteger.csproj", "{8457A343-DDAC-4E86-AA2E-973C5FB4EC60}"
EndProject
Project("{9A19103F-16F7-4668-BE54-9A1E7A4F7556}") = "ReverseIntegerTest", "ReverseIntegerTest\ReverseIntegerTest.csproj", "{57D473C0-53B2-47D4-AD7D-146C2555169C}"
	ProjectSection(ProjectDependencies) = postProject
		{8457A343-DDAC-4E86-AA2E-973C5FB4EC60} = {8457A343-DDAC-4E86-AA2E-973C5FB4EC60}
	EndProjectSection
EndProject
Project("{9A19103F-16F7-4668-BE54-9A1E7A4F7556}") = "RomanToInteger", "RomanToInteger\RomanToInteger.csproj", "{282744AE-3A01-4C48-A58A-AA6958236D12}"
EndProject
Project("{9A19103F-16F7-4668-BE54-9A1E7A4F7556}") = "RomanToIntegerTest", "RomanToIntegerTest\RomanToIntegerTest.csproj", "{45359E5D-733E-444B-B22C-52A5A1256461}"
EndProject
Project("{9A19103F-16F7-4668-BE54-9A1E7A4F7556}") = "IsPrimeNumber", "IsPrimeNumber\IsPrimeNumber.csproj", "{4CD9D5F8-F4CD-4145-A376-ACA5650D37DF}"
EndProject
Project("{9A19103F-16F7-4668-BE54-9A1E7A4F7556}") = "IsPrimeNumberTest", "IsPrimeNumberTest\IsPrimeNumberTest.csproj", "{8E7EA138-F837-4A5E-94FC-E5B959F8F48B}"
EndProject
Project("{9A19103F-16F7-4668-BE54-9A1E7A4F7556}") = "SingleNumber", "SingleNumber\SingleNumber.csproj", "{137A9B61-69B3-4E5D-B358-243DFD7F978A}"
EndProject
Project("{FAE04EC0-301F-11D3-BF4B-00C04F79EFBC}") = "IsPalindrome", "IsPalindrome\IsPalindrome.csproj", "{EC1D140D-6F9D-471D-932B-747E960888BB}"
EndProject
Project("{FAE04EC0-301F-11D3-BF4B-00C04F79EFBC}") = "IsPalindromeTest", "IsPalindromeTest\IsPalindromeTest.csproj", "{C37A4180-5B52-4686-8AD9-7FA109DFA752}"
EndProject
Global
	GlobalSection(SolutionConfigurationPlatforms) = preSolution
		Debug|Any CPU = Debug|Any CPU
		Release|Any CPU = Release|Any CPU
	EndGlobalSection
	GlobalSection(ProjectConfigurationPlatforms) = postSolution
		{CA88195F-115A-442D-8064-446D782FB9EF}.Debug|Any CPU.ActiveCfg = Debug|Any CPU
		{CA88195F-115A-442D-8064-446D782FB9EF}.Debug|Any CPU.Build.0 = Debug|Any CPU
		{CA88195F-115A-442D-8064-446D782FB9EF}.Release|Any CPU.ActiveCfg = Release|Any CPU
		{CA88195F-115A-442D-8064-446D782FB9EF}.Release|Any CPU.Build.0 = Release|Any CPU
		{8A6303A2-305E-4093-8722-EBE70BB9B0CB}.Debug|Any CPU.ActiveCfg = Debug|Any CPU
		{8A6303A2-305E-4093-8722-EBE70BB9B0CB}.Debug|Any CPU.Build.0 = Debug|Any CPU
		{8A6303A2-305E-4093-8722-EBE70BB9B0CB}.Release|Any CPU.ActiveCfg = Release|Any CPU
		{8A6303A2-305E-4093-8722-EBE70BB9B0CB}.Release|Any CPU.Build.0 = Release|Any CPU
		{E2FE517A-CACF-48C6-80E7-429844462B1E}.Debug|Any CPU.ActiveCfg = Debug|Any CPU
		{E2FE517A-CACF-48C6-80E7-429844462B1E}.Debug|Any CPU.Build.0 = Debug|Any CPU
		{E2FE517A-CACF-48C6-80E7-429844462B1E}.Release|Any CPU.ActiveCfg = Release|Any CPU
		{E2FE517A-CACF-48C6-80E7-429844462B1E}.Release|Any CPU.Build.0 = Release|Any CPU
		{2A5A961F-20A4-43ED-8F36-F75A88EC4DB9}.Debug|Any CPU.ActiveCfg = Debug|Any CPU
		{2A5A961F-20A4-43ED-8F36-F75A88EC4DB9}.Debug|Any CPU.Build.0 = Debug|Any CPU
		{2A5A961F-20A4-43ED-8F36-F75A88EC4DB9}.Release|Any CPU.ActiveCfg = Release|Any CPU
		{2A5A961F-20A4-43ED-8F36-F75A88EC4DB9}.Release|Any CPU.Build.0 = Release|Any CPU
		{603050E5-E2F0-4138-99DC-E221A96DCA6B}.Debug|Any CPU.ActiveCfg = Debug|Any CPU
		{603050E5-E2F0-4138-99DC-E221A96DCA6B}.Debug|Any CPU.Build.0 = Debug|Any CPU
		{603050E5-E2F0-4138-99DC-E221A96DCA6B}.Release|Any CPU.ActiveCfg = Release|Any CPU
		{603050E5-E2F0-4138-99DC-E221A96DCA6B}.Release|Any CPU.Build.0 = Release|Any CPU
		{8457A343-DDAC-4E86-AA2E-973C5FB4EC60}.Debug|Any CPU.ActiveCfg = Debug|Any CPU
		{8457A343-DDAC-4E86-AA2E-973C5FB4EC60}.Debug|Any CPU.Build.0 = Debug|Any CPU
		{8457A343-DDAC-4E86-AA2E-973C5FB4EC60}.Release|Any CPU.ActiveCfg = Release|Any CPU
		{8457A343-DDAC-4E86-AA2E-973C5FB4EC60}.Release|Any CPU.Build.0 = Release|Any CPU
		{57D473C0-53B2-47D4-AD7D-146C2555169C}.Debug|Any CPU.ActiveCfg = Debug|Any CPU
		{57D473C0-53B2-47D4-AD7D-146C2555169C}.Debug|Any CPU.Build.0 = Debug|Any CPU
		{57D473C0-53B2-47D4-AD7D-146C2555169C}.Release|Any CPU.ActiveCfg = Release|Any CPU
		{57D473C0-53B2-47D4-AD7D-146C2555169C}.Release|Any CPU.Build.0 = Release|Any CPU
		{282744AE-3A01-4C48-A58A-AA6958236D12}.Debug|Any CPU.ActiveCfg = Debug|Any CPU
		{282744AE-3A01-4C48-A58A-AA6958236D12}.Debug|Any CPU.Build.0 = Debug|Any CPU
		{282744AE-3A01-4C48-A58A-AA6958236D12}.Release|Any CPU.ActiveCfg = Release|Any CPU
		{282744AE-3A01-4C48-A58A-AA6958236D12}.Release|Any CPU.Build.0 = Release|Any CPU
		{45359E5D-733E-444B-B22C-52A5A1256461}.Debug|Any CPU.ActiveCfg = Debug|Any CPU
		{45359E5D-733E-444B-B22C-52A5A1256461}.Debug|Any CPU.Build.0 = Debug|Any CPU
		{45359E5D-733E-444B-B22C-52A5A1256461}.Release|Any CPU.ActiveCfg = Release|Any CPU
		{45359E5D-733E-444B-B22C-52A5A1256461}.Release|Any CPU.Build.0 = Release|Any CPU
		{4CD9D5F8-F4CD-4145-A376-ACA5650D37DF}.Debug|Any CPU.ActiveCfg = Debug|Any CPU
		{4CD9D5F8-F4CD-4145-A376-ACA5650D37DF}.Debug|Any CPU.Build.0 = Debug|Any CPU
		{4CD9D5F8-F4CD-4145-A376-ACA5650D37DF}.Release|Any CPU.ActiveCfg = Release|Any CPU
		{4CD9D5F8-F4CD-4145-A376-ACA5650D37DF}.Release|Any CPU.Build.0 = Release|Any CPU
		{8E7EA138-F837-4A5E-94FC-E5B959F8F48B}.Debug|Any CPU.ActiveCfg = Debug|Any CPU
		{8E7EA138-F837-4A5E-94FC-E5B959F8F48B}.Debug|Any CPU.Build.0 = Debug|Any CPU
		{8E7EA138-F837-4A5E-94FC-E5B959F8F48B}.Release|Any CPU.ActiveCfg = Release|Any CPU
		{8E7EA138-F837-4A5E-94FC-E5B959F8F48B}.Release|Any CPU.Build.0 = Release|Any CPU
		{137A9B61-69B3-4E5D-B358-243DFD7F978A}.Debug|Any CPU.ActiveCfg = Debug|Any CPU
		{137A9B61-69B3-4E5D-B358-243DFD7F978A}.Debug|Any CPU.Build.0 = Debug|Any CPU
		{137A9B61-69B3-4E5D-B358-243DFD7F978A}.Release|Any CPU.ActiveCfg = Release|Any CPU
		{137A9B61-69B3-4E5D-B358-243DFD7F978A}.Release|Any CPU.Build.0 = Release|Any CPU
		{EC1D140D-6F9D-471D-932B-747E960888BB}.Debug|Any CPU.ActiveCfg = Debug|Any CPU
		{EC1D140D-6F9D-471D-932B-747E960888BB}.Debug|Any CPU.Build.0 = Debug|Any CPU
		{EC1D140D-6F9D-471D-932B-747E960888BB}.Release|Any CPU.ActiveCfg = Release|Any CPU
		{EC1D140D-6F9D-471D-932B-747E960888BB}.Release|Any CPU.Build.0 = Release|Any CPU
		{C37A4180-5B52-4686-8AD9-7FA109DFA752}.Debug|Any CPU.ActiveCfg = Debug|Any CPU
		{C37A4180-5B52-4686-8AD9-7FA109DFA752}.Debug|Any CPU.Build.0 = Debug|Any CPU
		{C37A4180-5B52-4686-8AD9-7FA109DFA752}.Release|Any CPU.ActiveCfg = Release|Any CPU
		{C37A4180-5B52-4686-8AD9-7FA109DFA752}.Release|Any CPU.Build.0 = Release|Any CPU
	EndGlobalSection
	GlobalSection(SolutionProperties) = preSolution
		HideSolutionNode = FALSE
	EndGlobalSection
	GlobalSection(ExtensibilityGlobals) = postSolution
		SolutionGuid = {5CA74723-D7B8-4E29-9A92-DF3A6F3D904B}
	EndGlobalSection
EndGlobal
